// !$*UTF8*$!
{
	archiveVersion = 1;
	classes = {
	};
	objectVersion = 55;
	objects = {

/* Begin PBXBuildFile section */
		893275A4271E04A5001E9163 /* GameView.swift in Sources */ = {isa = PBXBuildFile; fileRef = 893275A3271E04A5001E9163 /* GameView.swift */; };
		8934467E2720F42A00CB03CD /* SaveData.swift in Sources */ = {isa = PBXBuildFile; fileRef = 8934467D2720F42A00CB03CD /* SaveData.swift */; };
		893C5126271CC0C300CA157D /* GameSteamApp.swift in Sources */ = {isa = PBXBuildFile; fileRef = 893C5125271CC0C300CA157D /* GameSteamApp.swift */; };
		893C5128271CC0C300CA157D /* ContentView.swift in Sources */ = {isa = PBXBuildFile; fileRef = 893C5127271CC0C300CA157D /* ContentView.swift */; };
		893C512A271CC0C400CA157D /* Assets.xcassets in Resources */ = {isa = PBXBuildFile; fileRef = 893C5129271CC0C400CA157D /* Assets.xcassets */; };
		893C512D271CC0C400CA157D /* Preview Assets.xcassets in Resources */ = {isa = PBXBuildFile; fileRef = 893C512C271CC0C400CA157D /* Preview Assets.xcassets */; };
		893C5134271CC0EE00CA157D /* Home.swift in Sources */ = {isa = PBXBuildFile; fileRef = 893C5133271CC0EE00CA157D /* Home.swift */; };
		893C5136271CC11B00CA157D /* GamesView.swift in Sources */ = {isa = PBXBuildFile; fileRef = 893C5135271CC11B00CA157D /* GamesView.swift */; };
		893C513A271CC16A00CA157D /* Model.swift in Sources */ = {isa = PBXBuildFile; fileRef = 893C5139271CC16A00CA157D /* Model.swift */; };
		893C513D271CC3C300CA157D /* ViewModel.swift in Sources */ = {isa = PBXBuildFile; fileRef = 893C513C271CC3C300CA157D /* ViewModel.swift */; };
		893C5140271CD77300CA157D /* Kingfisher in Frameworks */ = {isa = PBXBuildFile; productRef = 893C513F271CD77300CA157D /* Kingfisher */; };
		89673E08271F298600DA920F /* SearchGame.swift in Sources */ = {isa = PBXBuildFile; fileRef = 89673E07271F298600DA920F /* SearchGame.swift */; };
		89673E0C271F3D0E00DA920F /* FavoritesView.swift in Sources */ = {isa = PBXBuildFile; fileRef = 89673E0B271F3D0E00DA920F /* FavoritesView.swift */; };
		89673E0E271F3EDE00DA920F /* ProfileView.swift in Sources */ = {isa = PBXBuildFile; fileRef = 89673E0D271F3EDE00DA920F /* ProfileView.swift */; };
		89C289DC27334E6B0062FE1E /* SistemaPuntos.swift in Sources */ = {isa = PBXBuildFile; fileRef = 89C289DB27334E6B0062FE1E /* SistemaPuntos.swift */; };
		89C289DE27334FF90062FE1E /* Assets2x3x.swift in Sources */ = {isa = PBXBuildFile; fileRef = 89C289DD27334FF90062FE1E /* Assets2x3x.swift */; };
		89DB51882720E6B3004CFC97 /* EditProfileView.swift in Sources */ = {isa = PBXBuildFile; fileRef = 89DB51872720E6B3004CFC97 /* EditProfileView.swift */; };
/* End PBXBuildFile section */

/* Begin PBXFileReference section */
		893275A3271E04A5001E9163 /* GameView.swift */ = {isa = PBXFileReference; lastKnownFileType = sourcecode.swift; path = GameView.swift; sourceTree = "<group>"; };
		8934467D2720F42A00CB03CD /* SaveData.swift */ = {isa = PBXFileReference; lastKnownFileType = sourcecode.swift; path = SaveData.swift; sourceTree = "<group>"; };
		893C5122271CC0C300CA157D /* GameSteam.app */ = {isa = PBXFileReference; explicitFileType = wrapper.application; includeInIndex = 0; path = GameSteam.app; sourceTree = BUILT_PRODUCTS_DIR; };
		893C5125271CC0C300CA157D /* GameSteamApp.swift */ = {isa = PBXFileReference; lastKnownFileType = sourcecode.swift; path = GameSteamApp.swift; sourceTree = "<group>"; };
		893C5127271CC0C300CA157D /* ContentView.swift */ = {isa = PBXFileReference; lastKnownFileType = sourcecode.swift; path = ContentView.swift; sourceTree = "<group>"; };
		893C5129271CC0C400CA157D /* Assets.xcassets */ = {isa = PBXFileReference; lastKnownFileType = folder.assetcatalog; path = Assets.xcassets; sourceTree = "<group>"; };
		893C512C271CC0C400CA157D /* Preview Assets.xcassets */ = {isa = PBXFileReference; lastKnownFileType = folder.assetcatalog; path = "Preview Assets.xcassets"; sourceTree = "<group>"; };
		893C5133271CC0EE00CA157D /* Home.swift */ = {isa = PBXFileReference; lastKnownFileType = sourcecode.swift; path = Home.swift; sourceTree = "<group>"; };
		893C5135271CC11B00CA157D /* GamesView.swift */ = {isa = PBXFileReference; lastKnownFileType = sourcecode.swift; path = GamesView.swift; sourceTree = "<group>"; };
		893C5139271CC16A00CA157D /* Model.swift */ = {isa = PBXFileReference; lastKnownFileType = sourcecode.swift; path = Model.swift; sourceTree = "<group>"; };
		893C513C271CC3C300CA157D /* ViewModel.swift */ = {isa = PBXFileReference; lastKnownFileType = sourcecode.swift; path = ViewModel.swift; sourceTree = "<group>"; };
		89673E07271F298600DA920F /* SearchGame.swift */ = {isa = PBXFileReference; lastKnownFileType = sourcecode.swift; path = SearchGame.swift; sourceTree = "<group>"; };
		89673E0B271F3D0E00DA920F /* FavoritesView.swift */ = {isa = PBXFileReference; lastKnownFileType = sourcecode.swift; path = FavoritesView.swift; sourceTree = "<group>"; };
		89673E0D271F3EDE00DA920F /* ProfileView.swift */ = {isa = PBXFileReference; lastKnownFileType = sourcecode.swift; path = ProfileView.swift; sourceTree = "<group>"; };
		89C289DB27334E6B0062FE1E /* SistemaPuntos.swift */ = {isa = PBXFileReference; lastKnownFileType = sourcecode.swift; path = SistemaPuntos.swift; sourceTree = "<group>"; };
		89C289DD27334FF90062FE1E /* Assets2x3x.swift */ = {isa = PBXFileReference; lastKnownFileType = sourcecode.swift; path = Assets2x3x.swift; sourceTree = "<group>"; };
		89DB51872720E6B3004CFC97 /* EditProfileView.swift */ = {isa = PBXFileReference; lastKnownFileType = sourcecode.swift; path = EditProfileView.swift; sourceTree = "<group>"; };
/* End PBXFileReference section */

/* Begin PBXFrameworksBuildPhase section */
		893C511F271CC0C300CA157D /* Frameworks */ = {
			isa = PBXFrameworksBuildPhase;
			buildActionMask = 2147483647;
			files = (
				893C5140271CD77300CA157D /* Kingfisher in Frameworks */,
			);
			runOnlyForDeploymentPostprocessing = 0;
		};
/* End PBXFrameworksBuildPhase section */

/* Begin PBXGroup section */
		893C5119271CC0C300CA157D = {
			isa = PBXGroup;
			children = (
				893C5124271CC0C300CA157D /* GameSteam */,
				893C5123271CC0C300CA157D /* Products */,
			);
			sourceTree = "<group>";
		};
		893C5123271CC0C300CA157D /* Products */ = {
			isa = PBXGroup;
			children = (
				893C5122271CC0C300CA157D /* GameSteam.app */,
			);
			name = Products;
			sourceTree = "<group>";
		};
		893C5124271CC0C300CA157D /* GameSteam */ = {
			isa = PBXGroup;
			children = (
				893C5125271CC0C300CA157D /* GameSteamApp.swift */,
				893C513B271CC16F00CA157D /* ViewModel */,
				893C5138271CC15C00CA157D /* Model */,
				893C5137271CC13500CA157D /* Views */,
				893C5129271CC0C400CA157D /* Assets.xcassets */,
				893C512B271CC0C400CA157D /* Preview Content */,
			);
			path = GameSteam;
			sourceTree = "<group>";
		};
		893C512B271CC0C400CA157D /* Preview Content */ = {
			isa = PBXGroup;
			children = (
				893C512C271CC0C400CA157D /* Preview Assets.xcassets */,
			);
			path = "Preview Content";
			sourceTree = "<group>";
		};
		893C5137271CC13500CA157D /* Views */ = {
			isa = PBXGroup;
			children = (
				893C5127271CC0C300CA157D /* ContentView.swift */,
				893C5133271CC0EE00CA157D /* Home.swift */,
				893C5135271CC11B00CA157D /* GamesView.swift */,
				893275A3271E04A5001E9163 /* GameView.swift */,
				89673E0B271F3D0E00DA920F /* FavoritesView.swift */,
				89673E0D271F3EDE00DA920F /* ProfileView.swift */,
				89DB51872720E6B3004CFC97 /* EditProfileView.swift */,
				89C289DB27334E6B0062FE1E /* SistemaPuntos.swift */,
				89C289DD27334FF90062FE1E /* Assets2x3x.swift */,
			);
			name = Views;
			sourceTree = "<group>";
		};
		893C5138271CC15C00CA157D /* Model */ = {
			isa = PBXGroup;
			children = (
				893C5139271CC16A00CA157D /* Model.swift */,
			);
			name = Model;
			sourceTree = "<group>";
		};
		893C513B271CC16F00CA157D /* ViewModel */ = {
			isa = PBXGroup;
			children = (
				893C513C271CC3C300CA157D /* ViewModel.swift */,
				89673E07271F298600DA920F /* SearchGame.swift */,
				8934467D2720F42A00CB03CD /* SaveData.swift */,
			);
			path = ViewModel;
			sourceTree = "<group>";
		};
/* End PBXGroup section */

/* Begin PBXNativeTarget section */
		893C5121271CC0C300CA157D /* GameSteam */ = {
			isa = PBXNativeTarget;
			buildConfigurationList = 893C5130271CC0C400CA157D /* Build configuration list for PBXNativeTarget "GameSteam" */;
			buildPhases = (
				893C511E271CC0C300CA157D /* Sources */,
				893C511F271CC0C300CA157D /* Frameworks */,
				893C5120271CC0C300CA157D /* Resources */,
			);
			buildRules = (
			);
			dependencies = (
			);
			name = GameSteam;
			packageProductDependencies = (
				893C513F271CD77300CA157D /* Kingfisher */,
			);
			productName = GameSteam;
			productReference = 893C5122271CC0C300CA157D /* GameSteam.app */;
			productType = "com.apple.product-type.application";
		};
/* End PBXNativeTarget section */

/* Begin PBXProject section */
		893C511A271CC0C300CA157D /* Project object */ = {
			isa = PBXProject;
			attributes = {
				BuildIndependentTargetsInParallel = 1;
				LastSwiftUpdateCheck = 1300;
				LastUpgradeCheck = 1300;
				TargetAttributes = {
					893C5121271CC0C300CA157D = {
						CreatedOnToolsVersion = 13.0;
					};
				};
			};
			buildConfigurationList = 893C511D271CC0C300CA157D /* Build configuration list for PBXProject "GameSteam" */;
			compatibilityVersion = "Xcode 13.0";
			developmentRegion = en;
			hasScannedForEncodings = 0;
			knownRegions = (
				en,
				Base,
			);
			mainGroup = 893C5119271CC0C300CA157D;
			packageReferences = (
				893C513E271CD77300CA157D /* XCRemoteSwiftPackageReference "Kingfisher" */,
			);
			productRefGroup = 893C5123271CC0C300CA157D /* Products */;
			projectDirPath = "";
			projectRoot = "";
			targets = (
				893C5121271CC0C300CA157D /* GameSteam */,
			);
		};
/* End PBXProject section */

/* Begin PBXResourcesBuildPhase section */
		893C5120271CC0C300CA157D /* Resources */ = {
			isa = PBXResourcesBuildPhase;
			buildActionMask = 2147483647;
			files = (
				893C512D271CC0C400CA157D /* Preview Assets.xcassets in Resources */,
				893C512A271CC0C400CA157D /* Assets.xcassets in Resources */,
			);
			runOnlyForDeploymentPostprocessing = 0;
		};
/* End PBXResourcesBuildPhase section */

/* Begin PBXSourcesBuildPhase section */
		893C511E271CC0C300CA157D /* Sources */ = {
			isa = PBXSourcesBuildPhase;
			buildActionMask = 2147483647;
			files = (
				893C513A271CC16A00CA157D /* Model.swift in Sources */,
				893C5128271CC0C300CA157D /* ContentView.swift in Sources */,
				8934467E2720F42A00CB03CD /* SaveData.swift in Sources */,
				89673E0E271F3EDE00DA920F /* ProfileView.swift in Sources */,
				89C289DC27334E6B0062FE1E /* SistemaPuntos.swift in Sources */,
				89C289DE27334FF90062FE1E /* Assets2x3x.swift in Sources */,
				89DB51882720E6B3004CFC97 /* EditProfileView.swift in Sources */,
				893C5134271CC0EE00CA157D /* Home.swift in Sources */,
				89673E08271F298600DA920F /* SearchGame.swift in Sources */,
				893C5136271CC11B00CA157D /* GamesView.swift in Sources */,
				893C513D271CC3C300CA157D /* ViewModel.swift in Sources */,
				893C5126271CC0C300CA157D /* GameSteamApp.swift in Sources */,
				893275A4271E04A5001E9163 /* GameView.swift in Sources */,
				89673E0C271F3D0E00DA920F /* FavoritesView.swift in Sources */,
			);
			runOnlyForDeploymentPostprocessing = 0;
		};
/* End PBXSourcesBuildPhase section */

/* Begin XCBuildConfiguration section */
		893C512E271CC0C400CA157D /* Debug */ = {
			isa = XCBuildConfiguration;
			buildSettings = {
				ALWAYS_SEARCH_USER_PATHS = NO;
				CLANG_ANALYZER_NONNULL = YES;
				CLANG_ANALYZER_NUMBER_OBJECT_CONVERSION = YES_AGGRESSIVE;
				CLANG_CXX_LANGUAGE_STANDARD = "gnu++17";
				CLANG_CXX_LIBRARY = "libc++";
				CLANG_ENABLE_MODULES = YES;
				CLANG_ENABLE_OBJC_ARC = YES;
				CLANG_ENABLE_OBJC_WEAK = YES;
				CLANG_WARN_BLOCK_CAPTURE_AUTORELEASING = YES;
				CLANG_WARN_BOOL_CONVERSION = YES;
				CLANG_WARN_COMMA = YES;
				CLANG_WARN_CONSTANT_CONVERSION = YES;
				CLANG_WARN_DEPRECATED_OBJC_IMPLEMENTATIONS = YES;
				CLANG_WARN_DIRECT_OBJC_ISA_USAGE = YES_ERROR;
				CLANG_WARN_DOCUMENTATION_COMMENTS = YES;
				CLANG_WARN_EMPTY_BODY = YES;
				CLANG_WARN_ENUM_CONVERSION = YES;
				CLANG_WARN_INFINITE_RECURSION = YES;
				CLANG_WARN_INT_CONVERSION = YES;
				CLANG_WARN_NON_LITERAL_NULL_CONVERSION = YES;
				CLANG_WARN_OBJC_IMPLICIT_RETAIN_SELF = YES;
				CLANG_WARN_OBJC_LITERAL_CONVERSION = YES;
				CLANG_WARN_OBJC_ROOT_CLASS = YES_ERROR;
				CLANG_WARN_QUOTED_INCLUDE_IN_FRAMEWORK_HEADER = YES;
				CLANG_WARN_RANGE_LOOP_ANALYSIS = YES;
				CLANG_WARN_STRICT_PROTOTYPES = YES;
				CLANG_WARN_SUSPICIOUS_MOVE = YES;
				CLANG_WARN_UNGUARDED_AVAILABILITY = YES_AGGRESSIVE;
				CLANG_WARN_UNREACHABLE_CODE = YES;
				CLANG_WARN__DUPLICATE_METHOD_MATCH = YES;
				COPY_PHASE_STRIP = NO;
				DEBUG_INFORMATION_FORMAT = dwarf;
				ENABLE_STRICT_OBJC_MSGSEND = YES;
				ENABLE_TESTABILITY = YES;
				GCC_C_LANGUAGE_STANDARD = gnu11;
				GCC_DYNAMIC_NO_PIC = NO;
				GCC_NO_COMMON_BLOCKS = YES;
				GCC_OPTIMIZATION_LEVEL = 0;
				GCC_PREPROCESSOR_DEFINITIONS = (
					"DEBUG=1",
					"$(inherited)",
				);
				GCC_WARN_64_TO_32_BIT_CONVERSION = YES;
				GCC_WARN_ABOUT_RETURN_TYPE = YES_ERROR;
				GCC_WARN_UNDECLARED_SELECTOR = YES;
				GCC_WARN_UNINITIALIZED_AUTOS = YES_AGGRESSIVE;
				GCC_WARN_UNUSED_FUNCTION = YES;
				GCC_WARN_UNUSED_VARIABLE = YES;
				IPHONEOS_DEPLOYMENT_TARGET = 15.0;
				MTL_ENABLE_DEBUG_INFO = INCLUDE_SOURCE;
				MTL_FAST_MATH = YES;
				ONLY_ACTIVE_ARCH = YES;
				SDKROOT = iphoneos;
				SWIFT_ACTIVE_COMPILATION_CONDITIONS = DEBUG;
				SWIFT_OPTIMIZATION_LEVEL = "-Onone";
			};
			name = Debug;
		};
		893C512F271CC0C400CA157D /* Release */ = {
			isa = XCBuildConfiguration;
			buildSettings = {
				ALWAYS_SEARCH_USER_PATHS = NO;
				CLANG_ANALYZER_NONNULL = YES;
				CLANG_ANALYZER_NUMBER_OBJECT_CONVERSION = YES_AGGRESSIVE;
				CLANG_CXX_LANGUAGE_STANDARD = "gnu++17";
				CLANG_CXX_LIBRARY = "libc++";
				CLANG_ENABLE_MODULES = YES;
				CLANG_ENABLE_OBJC_ARC = YES;
				CLANG_ENABLE_OBJC_WEAK = YES;
				CLANG_WARN_BLOCK_CAPTURE_AUTORELEASING = YES;
				CLANG_WARN_BOOL_CONVERSION = YES;
				CLANG_WARN_COMMA = YES;
				CLANG_WARN_CONSTANT_CONVERSION = YES;
				CLANG_WARN_DEPRECATED_OBJC_IMPLEMENTATIONS = YES;
				CLANG_WARN_DIRECT_OBJC_ISA_USAGE = YES_ERROR;
				CLANG_WARN_DOCUMENTATION_COMMENTS = YES;
				CLANG_WARN_EMPTY_BODY = YES;
				CLANG_WARN_ENUM_CONVERSION = YES;
				CLANG_WARN_INFINITE_RECURSION = YES;
				CLANG_WARN_INT_CONVERSION = YES;
				CLANG_WARN_NON_LITERAL_NULL_CONVERSION = YES;
				CLANG_WARN_OBJC_IMPLICIT_RETAIN_SELF = YES;
				CLANG_WARN_OBJC_LITERAL_CONVERSION = YES;
				CLANG_WARN_OBJC_ROOT_CLASS = YES_ERROR;
				CLANG_WARN_QUOTED_INCLUDE_IN_FRAMEWORK_HEADER = YES;
				CLANG_WARN_RANGE_LOOP_ANALYSIS = YES;
				CLANG_WARN_STRICT_PROTOTYPES = YES;
				CLANG_WARN_SUSPICIOUS_MOVE = YES;
				CLANG_WARN_UNGUARDED_AVAILABILITY = YES_AGGRESSIVE;
				CLANG_WARN_UNREACHABLE_CODE = YES;
				CLANG_WARN__DUPLICATE_METHOD_MATCH = YES;
				COPY_PHASE_STRIP = NO;
				DEBUG_INFORMATION_FORMAT = "dwarf-with-dsym";
				ENABLE_NS_ASSERTIONS = NO;
				ENABLE_STRICT_OBJC_MSGSEND = YES;
				GCC_C_LANGUAGE_STANDARD = gnu11;
				GCC_NO_COMMON_BLOCKS = YES;
				GCC_WARN_64_TO_32_BIT_CONVERSION = YES;
				GCC_WARN_ABOUT_RETURN_TYPE = YES_ERROR;
				GCC_WARN_UNDECLARED_SELECTOR = YES;
				GCC_WARN_UNINITIALIZED_AUTOS = YES_AGGRESSIVE;
				GCC_WARN_UNUSED_FUNCTION = YES;
				GCC_WARN_UNUSED_VARIABLE = YES;
				IPHONEOS_DEPLOYMENT_TARGET = 15.0;
				MTL_ENABLE_DEBUG_INFO = NO;
				MTL_FAST_MATH = YES;
				SDKROOT = iphoneos;
				SWIFT_COMPILATION_MODE = wholemodule;
				SWIFT_OPTIMIZATION_LEVEL = "-O";
				VALIDATE_PRODUCT = YES;
			};
			name = Release;
		};
		893C5131271CC0C400CA157D /* Debug */ = {
			isa = XCBuildConfiguration;
			buildSettings = {
				ASSETCATALOG_COMPILER_APPICON_NAME = AppIcon;
				ASSETCATALOG_COMPILER_GLOBAL_ACCENT_COLOR_NAME = AccentColor;
				ASSETCATALOG_COMPILER_INCLUDE_ALL_APPICON_ASSETS = YES;
				CODE_SIGN_STYLE = Automatic;
				CURRENT_PROJECT_VERSION = 1;
				DEVELOPMENT_ASSET_PATHS = "\"GameSteam/Preview Content\"";
				DEVELOPMENT_TEAM = 9W62JZF2NT;
				ENABLE_PREVIEWS = YES;
				GENERATE_INFOPLIST_FILE = YES;
				INFOPLIST_KEY_UIApplicationSceneManifest_Generation = YES;
				INFOPLIST_KEY_UIApplicationSupportsIndirectInputEvents = YES;
				INFOPLIST_KEY_UILaunchScreen_Generation = YES;
				INFOPLIST_KEY_UISupportedInterfaceOrientations_iPad = "UIInterfaceOrientationPortrait UIInterfaceOrientationPortraitUpsideDown UIInterfaceOrientationLandscapeLeft UIInterfaceOrientationLandscapeRight";
				INFOPLIST_KEY_UISupportedInterfaceOrientations_iPhone = "UIInterfaceOrientationPortrait UIInterfaceOrientationLandscapeLeft UIInterfaceOrientationLandscapeRight";
				IPHONEOS_DEPLOYMENT_TARGET = 15.0;
				LD_RUNPATH_SEARCH_PATHS = (
					"$(inherited)",
					"@executable_path/Frameworks",
				);
				MARKETING_VERSION = 1.0;
				PRODUCT_BUNDLE_IDENTIFIER = com.jose.GameSteam;
				PRODUCT_NAME = "$(TARGET_NAME)";
				SWIFT_EMIT_LOC_STRINGS = YES;
				SWIFT_VERSION = 5.0;
				TARGETED_DEVICE_FAMILY = "1,2";
			};
			name = Debug;
		};
		893C5132271CC0C400CA157D /* Release */ = {
			isa = XCBuildConfiguration;
			buildSettings = {
				ASSETCATALOG_COMPILER_APPICON_NAME = AppIcon;
				ASSETCATALOG_COMPILER_GLOBAL_ACCENT_COLOR_NAME = AccentColor;
				ASSETCATALOG_COMPILER_INCLUDE_ALL_APPICON_ASSETS = YES;
				CODE_SIGN_STYLE = Automatic;
				CURRENT_PROJECT_VERSION = 1;
				DEVELOPMENT_ASSET_PATHS = "\"GameSteam/Preview Content\"";
				DEVELOPMENT_TEAM = 9W62JZF2NT;
				ENABLE_PREVIEWS = YES;
				GENERATE_INFOPLIST_FILE = YES;
				INFOPLIST_KEY_UIApplicationSceneManifest_Generation = YES;
				INFOPLIST_KEY_UIApplicationSupportsIndirectInputEvents = YES;
				INFOPLIST_KEY_UILaunchScreen_Generation = YES;
				INFOPLIST_KEY_UISupportedInterfaceOrientations_iPad = "UIInterfaceOrientationPortrait UIInterfaceOrientationPortraitUpsideDown UIInterfaceOrientationLandscapeLeft UIInterfaceOrientationLandscapeRight";
				INFOPLIST_KEY_UISupportedInterfaceOrientations_iPhone = "UIInterfaceOrientationPortrait UIInterfaceOrientationLandscapeLeft UIInterfaceOrientationLandscapeRight";
				IPHONEOS_DEPLOYMENT_TARGET = 15.0;
				LD_RUNPATH_SEARCH_PATHS = (
					"$(inherited)",
					"@executable_path/Frameworks",
				);
				MARKETING_VERSION = 1.0;
				PRODUCT_BUNDLE_IDENTIFIER = com.jose.GameSteam;
				PRODUCT_NAME = "$(TARGET_NAME)";
				SWIFT_EMIT_LOC_STRINGS = YES;
				SWIFT_VERSION = 5.0;
				TARGETED_DEVICE_FAMILY = "1,2";
			};
			name = Release;
		};
/* End XCBuildConfiguration section */

/* Begin XCConfigurationList section */
		893C511D271CC0C300CA157D /* Build configuration list for PBXProject "GameSteam" */ = {
			isa = XCConfigurationList;
			buildConfigurations = (
				893C512E271CC0C400CA157D /* Debug */,
				893C512F271CC0C400CA157D /* Release */,
			);
			defaultConfigurationIsVisible = 0;
			defaultConfigurationName = Release;
		};
		893C5130271CC0C400CA157D /* Build configuration list for PBXNativeTarget "GameSteam" */ = {
			isa = XCConfigurationList;
			buildConfigurations = (
				893C5131271CC0C400CA157D /* Debug */,
				893C5132271CC0C400CA157D /* Release */,
			);
			defaultConfigurationIsVisible = 0;
			defaultConfigurationName = Release;
		};
/* End XCConfigurationList section */

/* Begin XCRemoteSwiftPackageReference section */
		893C513E271CD77300CA157D /* XCRemoteSwiftPackageReference "Kingfisher" */ = {
			isa = XCRemoteSwiftPackageReference;
			repositoryURL = "https://github.com/onevcat/Kingfisher.git";
			requirement = {
				kind = upToNextMajorVersion;
				minimumVersion = 7.0.0;
			};
		};
/* End XCRemoteSwiftPackageReference section */

/* Begin XCSwiftPackageProductDependency section */
		893C513F271CD77300CA157D /* Kingfisher */ = {
			isa = XCSwiftPackageProductDependency;
			package = 893C513E271CD77300CA157D /* XCRemoteSwiftPackageReference "Kingfisher" */;
			productName = Kingfisher;
		};
/* End XCSwiftPackageProductDependency section */
	};
	rootObject = 893C511A271CC0C300CA157D /* Project object */;
}
